
Microsoft Visual Studio Solution File, Format Version 12.00
# Visual Studio Version 16
VisualStudioVersion = 16.0.29009.5
MinimumVisualStudioVersion = 10.0.40219.1
Project("{FAE04EC0-301F-11D3-BF4B-00C04F79EFBC}") = "Inteligami", "Inteligami\Inteligami.csproj", "{F2CB8B94-8CA1-4869-B7F8-95759F8F132C}"
EndProject
Global
	GlobalSection(SolutionConfigurationPlatforms) = preSolution
		Debug|Any CPU = Debug|Any CPU
		Release|Any CPU = Release|Any CPU
	EndGlobalSection
	GlobalSection(ProjectConfigurationPlatforms) = postSolution
		{F2CB8B94-8CA1-4869-B7F8-95759F8F132C}.Debug|Any CPU.ActiveCfg = Debug|Any CPU
		{F2CB8B94-8CA1-4869-B7F8-95759F8F132C}.Debug|Any CPU.Build.0 = Debug|Any CPU
		{F2CB8B94-8CA1-4869-B7F8-95759F8F132C}.Release|Any CPU.ActiveCfg = Release|Any CPU
		{F2CB8B94-8CA1-4869-B7F8-95759F8F132C}.Release|Any CPU.Build.0 = Release|Any CPU
	EndGlobalSection
	GlobalSection(SolutionProperties) = preSolution
		HideSolutionNode = FALSE
	EndGlobalSection
	GlobalSection(ExtensibilityGlobals) = postSolution
		SolutionGuid = {BEC3F37A-AB1E-49A3-8250-F917022EBF04}
	EndGlobalSection
EndGlobal
